
Microsoft Visual Studio Solution File, Format Version 12.00
# Visual Studio 2013
VisualStudioVersion = 12.0.21005.1
MinimumVisualStudioVersion = 10.0.40219.1
Project("{2150E333-8FDC-42A3-9474-1A3956D46DE8}") = "Service", "Service", "{25B2B5D8-DF0F-4807-AE6D-48E96DF78539}"
EndProject
Project("{FAE04EC0-301F-11D3-BF4B-00C04F79EFBC}") = "ZXService.IWcfService", "ZXService.IWcfService\ZXService.IWcfService.csproj", "{7002811C-62DB-4481-8940-391C27931093}"
EndProject
Project("{FAE04EC0-301F-11D3-BF4B-00C04F79EFBC}") = "ZXService.WcfService", "ZXService.WcfService\ZXService.WcfService.csproj", "{A4050D1B-FBA9-4C66-80EA-1C427AD31208}"
EndProject
Project("{2150E333-8FDC-42A3-9474-1A3956D46DE8}") = "Test", "Test", "{FDF0ECE2-0998-4BDF-A12D-2904647B3019}"
EndProject
Project("{FAE04EC0-301F-11D3-BF4B-00C04F79EFBC}") = "ConsoleApplication1", "ConsoleApplication1\ConsoleApplication1.csproj", "{0782971B-3A52-4CF9-9A40-BFDEA25A7804}"
EndProject
Project("{FAE04EC0-301F-11D3-BF4B-00C04F79EFBC}") = "ZXService.WebService", "ZXService.WebService\ZXService.WebService.csproj", "{759A0155-A1B7-441E-BD41-408056E07580}"
EndProject
Project("{FAE04EC0-301F-11D3-BF4B-00C04F79EFBC}") = "ZXService.DataContracts", "ZXService.DataContracts\ZXService.DataContracts.csproj", "{1413105B-8127-4D9B-972D-E6C4A0653FD1}"
EndProject
Project("{FAE04EC0-301F-11D3-BF4B-00C04F79EFBC}") = "ZXService.DataAccess", "ZXService.DataAccess\ZXService.DataAccess.csproj", "{25F98766-14D4-47C3-B217-51A0D27E40E1}"
EndProject
Project("{FAE04EC0-301F-11D3-BF4B-00C04F79EFBC}") = "ZXService.Business", "ZXService.Business\ZXService.Business.csproj", "{4C72DA8F-F4AE-444E-8F34-EE0FB538F867}"
EndProject
Project("{FAE04EC0-301F-11D3-BF4B-00C04F79EFBC}") = "ZXService.Common", "ZXService.Common\ZXService.Common.csproj", "{2D09321C-65D7-4A1A-BF2B-80ABE795E8AE}"
EndProject
Project("{FAE04EC0-301F-11D3-BF4B-00C04F79EFBC}") = "ZXService.Cache", "ZXService.Cache\ZXService.Cache.csproj", "{9F1FEE2B-745B-43FB-B99E-D236E115591C}"
EndProject
Global
	GlobalSection(SolutionConfigurationPlatforms) = preSolution
		Debug|Any CPU = Debug|Any CPU
		Release|Any CPU = Release|Any CPU
	EndGlobalSection
	GlobalSection(ProjectConfigurationPlatforms) = postSolution
		{7002811C-62DB-4481-8940-391C27931093}.Debug|Any CPU.ActiveCfg = Debug|Any CPU
		{7002811C-62DB-4481-8940-391C27931093}.Debug|Any CPU.Build.0 = Debug|Any CPU
		{7002811C-62DB-4481-8940-391C27931093}.Release|Any CPU.ActiveCfg = Release|Any CPU
		{7002811C-62DB-4481-8940-391C27931093}.Release|Any CPU.Build.0 = Release|Any CPU
		{A4050D1B-FBA9-4C66-80EA-1C427AD31208}.Debug|Any CPU.ActiveCfg = Debug|Any CPU
		{A4050D1B-FBA9-4C66-80EA-1C427AD31208}.Debug|Any CPU.Build.0 = Debug|Any CPU
		{A4050D1B-FBA9-4C66-80EA-1C427AD31208}.Release|Any CPU.ActiveCfg = Release|Any CPU
		{A4050D1B-FBA9-4C66-80EA-1C427AD31208}.Release|Any CPU.Build.0 = Release|Any CPU
		{0782971B-3A52-4CF9-9A40-BFDEA25A7804}.Debug|Any CPU.ActiveCfg = Debug|Any CPU
		{0782971B-3A52-4CF9-9A40-BFDEA25A7804}.Debug|Any CPU.Build.0 = Debug|Any CPU
		{0782971B-3A52-4CF9-9A40-BFDEA25A7804}.Release|Any CPU.ActiveCfg = Release|Any CPU
		{0782971B-3A52-4CF9-9A40-BFDEA25A7804}.Release|Any CPU.Build.0 = Release|Any CPU
		{759A0155-A1B7-441E-BD41-408056E07580}.Debug|Any CPU.ActiveCfg = Debug|Any CPU
		{759A0155-A1B7-441E-BD41-408056E07580}.Debug|Any CPU.Build.0 = Debug|Any CPU
		{759A0155-A1B7-441E-BD41-408056E07580}.Release|Any CPU.ActiveCfg = Release|Any CPU
		{759A0155-A1B7-441E-BD41-408056E07580}.Release|Any CPU.Build.0 = Release|Any CPU
		{1413105B-8127-4D9B-972D-E6C4A0653FD1}.Debug|Any CPU.ActiveCfg = Debug|Any CPU
		{1413105B-8127-4D9B-972D-E6C4A0653FD1}.Debug|Any CPU.Build.0 = Debug|Any CPU
		{1413105B-8127-4D9B-972D-E6C4A0653FD1}.Release|Any CPU.ActiveCfg = Release|Any CPU
		{1413105B-8127-4D9B-972D-E6C4A0653FD1}.Release|Any CPU.Build.0 = Release|Any CPU
		{25F98766-14D4-47C3-B217-51A0D27E40E1}.Debug|Any CPU.ActiveCfg = Debug|Any CPU
		{25F98766-14D4-47C3-B217-51A0D27E40E1}.Debug|Any CPU.Build.0 = Debug|Any CPU
		{25F98766-14D4-47C3-B217-51A0D27E40E1}.Release|Any CPU.ActiveCfg = Release|Any CPU
		{25F98766-14D4-47C3-B217-51A0D27E40E1}.Release|Any CPU.Build.0 = Release|Any CPU
		{4C72DA8F-F4AE-444E-8F34-EE0FB538F867}.Debug|Any CPU.ActiveCfg = Debug|Any CPU
		{4C72DA8F-F4AE-444E-8F34-EE0FB538F867}.Debug|Any CPU.Build.0 = Debug|Any CPU
		{4C72DA8F-F4AE-444E-8F34-EE0FB538F867}.Release|Any CPU.ActiveCfg = Release|Any CPU
		{4C72DA8F-F4AE-444E-8F34-EE0FB538F867}.Release|Any CPU.Build.0 = Release|Any CPU
		{2D09321C-65D7-4A1A-BF2B-80ABE795E8AE}.Debug|Any CPU.ActiveCfg = Debug|Any CPU
		{2D09321C-65D7-4A1A-BF2B-80ABE795E8AE}.Debug|Any CPU.Build.0 = Debug|Any CPU
		{2D09321C-65D7-4A1A-BF2B-80ABE795E8AE}.Release|Any CPU.ActiveCfg = Release|Any CPU
		{2D09321C-65D7-4A1A-BF2B-80ABE795E8AE}.Release|Any CPU.Build.0 = Release|Any CPU
		{9F1FEE2B-745B-43FB-B99E-D236E115591C}.Debug|Any CPU.ActiveCfg = Debug|Any CPU
		{9F1FEE2B-745B-43FB-B99E-D236E115591C}.Debug|Any CPU.Build.0 = Debug|Any CPU
		{9F1FEE2B-745B-43FB-B99E-D236E115591C}.Release|Any CPU.ActiveCfg = Release|Any CPU
		{9F1FEE2B-745B-43FB-B99E-D236E115591C}.Release|Any CPU.Build.0 = Release|Any CPU
	EndGlobalSection
	GlobalSection(SolutionProperties) = preSolution
		HideSolutionNode = FALSE
	EndGlobalSection
	GlobalSection(NestedProjects) = preSolution
		{7002811C-62DB-4481-8940-391C27931093} = {25B2B5D8-DF0F-4807-AE6D-48E96DF78539}
		{A4050D1B-FBA9-4C66-80EA-1C427AD31208} = {25B2B5D8-DF0F-4807-AE6D-48E96DF78539}
		{759A0155-A1B7-441E-BD41-408056E07580} = {25B2B5D8-DF0F-4807-AE6D-48E96DF78539}
		{1413105B-8127-4D9B-972D-E6C4A0653FD1} = {25B2B5D8-DF0F-4807-AE6D-48E96DF78539}
		{25F98766-14D4-47C3-B217-51A0D27E40E1} = {25B2B5D8-DF0F-4807-AE6D-48E96DF78539}
		{4C72DA8F-F4AE-444E-8F34-EE0FB538F867} = {25B2B5D8-DF0F-4807-AE6D-48E96DF78539}
		{2D09321C-65D7-4A1A-BF2B-80ABE795E8AE} = {25B2B5D8-DF0F-4807-AE6D-48E96DF78539}
		{9F1FEE2B-745B-43FB-B99E-D236E115591C} = {25B2B5D8-DF0F-4807-AE6D-48E96DF78539}
		{0782971B-3A52-4CF9-9A40-BFDEA25A7804} = {FDF0ECE2-0998-4BDF-A12D-2904647B3019}
	EndGlobalSection
EndGlobal
